
Microsoft Visual Studio Solution File, Format Version 12.00
# Visual Studio 15
VisualStudioVersion = 15.0.28307.960
MinimumVisualStudioVersion = 10.0.40219.1
Project("{FAE04EC0-301F-11D3-BF4B-00C04F79EFBC}") = "Cusror_style", "Cusror_style\Cusror_style.csproj", "{0FB3028A-3443-4AB8-A5D9-B9A39BAE4889}"
EndProject
Global
	GlobalSection(SolutionConfigurationPlatforms) = preSolution
		Debug|Any CPU = Debug|Any CPU
		Release|Any CPU = Release|Any CPU
	EndGlobalSection
	GlobalSection(ProjectConfigurationPlatforms) = postSolution
		{0FB3028A-3443-4AB8-A5D9-B9A39BAE4889}.Debug|Any CPU.ActiveCfg = Debug|Any CPU
		{0FB3028A-3443-4AB8-A5D9-B9A39BAE4889}.Debug|Any CPU.Build.0 = Debug|Any CPU
		{0FB3028A-3443-4AB8-A5D9-B9A39BAE4889}.Release|Any CPU.ActiveCfg = Release|Any CPU
		{0FB3028A-3443-4AB8-A5D9-B9A39BAE4889}.Release|Any CPU.Build.0 = Release|Any CPU
	EndGlobalSection
	GlobalSection(SolutionProperties) = preSolution
		HideSolutionNode = FALSE
	EndGlobalSection
	GlobalSection(ExtensibilityGlobals) = postSolution
		SolutionGuid = {79C18A34-28BB-402A-9EDF-A1606084D789}
	EndGlobalSection
EndGlobal
