
Microsoft Visual Studio Solution File, Format Version 12.00
# Visual Studio 15
VisualStudioVersion = 15.0.28307.960
MinimumVisualStudioVersion = 10.0.40219.1
Project("{FAE04EC0-301F-11D3-BF4B-00C04F79EFBC}") = "GridControl_selectedranges", "GridControl_selectedranges\GridControl_selectedranges.csproj", "{A3C7984A-C02E-4E6B-81C7-DBA497B6BBA3}"
EndProject
Global
	GlobalSection(SolutionConfigurationPlatforms) = preSolution
		Debug|Any CPU = Debug|Any CPU
		Release|Any CPU = Release|Any CPU
	EndGlobalSection
	GlobalSection(ProjectConfigurationPlatforms) = postSolution
		{A3C7984A-C02E-4E6B-81C7-DBA497B6BBA3}.Debug|Any CPU.ActiveCfg = Debug|Any CPU
		{A3C7984A-C02E-4E6B-81C7-DBA497B6BBA3}.Debug|Any CPU.Build.0 = Debug|Any CPU
		{A3C7984A-C02E-4E6B-81C7-DBA497B6BBA3}.Release|Any CPU.ActiveCfg = Release|Any CPU
		{A3C7984A-C02E-4E6B-81C7-DBA497B6BBA3}.Release|Any CPU.Build.0 = Release|Any CPU
	EndGlobalSection
	GlobalSection(SolutionProperties) = preSolution
		HideSolutionNode = FALSE
	EndGlobalSection
	GlobalSection(ExtensibilityGlobals) = postSolution
		SolutionGuid = {D589EB66-9BE7-46F8-A81F-6ED32C751C10}
	EndGlobalSection
EndGlobal
